
Microsoft Visual Studio Solution File, Format Version 12.00
# Visual Studio Version 17
VisualStudioVersion = 17.14.36414.22
MinimumVisualStudioVersion = 10.0.40219.1
Project("{FAE04EC0-301F-11D3-BF4B-00C04F79EFBC}") = "COMWizard", "COMWizard\COMWizard.csproj", "{3CD661DA-35D5-4D98-BABB-236C12617B75}"
EndProject
Project("{FAE04EC0-301F-11D3-BF4B-00C04F79EFBC}") = "COMWizard.Engine", "COMWizard.Engine\COMWizard.Engine.csproj", "{951664C6-57E2-40D2-8214-DA5922E3FE00}"
EndProject
Project("{FAE04EC0-301F-11D3-BF4B-00C04F79EFBC}") = "COMWizard.Common", "COMWizard.Common\COMWizard.Common.csproj", "{074D6DEE-213F-4AC7-B7C4-C0AA9288048D}"
EndProject
Project("{FAE04EC0-301F-11D3-BF4B-00C04F79EFBC}") = "COMWizard.Launcher", "COMWizard.Launcher\COMWizard.Launcher.csproj", "{5AF1BF4D-D822-4CF5-84F9-A1F08566A5D8}"
EndProject
Project("{FAE04EC0-301F-11D3-BF4B-00C04F79EFBC}") = "COMWizard.LibraryExtractor", "COMWizard.LibraryExtractor\COMWizard.LibraryExtractor.csproj", "{ABCD44CA-F8FC-4E97-B71F-2F0B9E86F96B}"
EndProject
Global
	GlobalSection(SolutionConfigurationPlatforms) = preSolution
		Debug|Any CPU = Debug|Any CPU
		Release|Any CPU = Release|Any CPU
	EndGlobalSection
	GlobalSection(ProjectConfigurationPlatforms) = postSolution
		{3CD661DA-35D5-4D98-BABB-236C12617B75}.Debug|Any CPU.ActiveCfg = Debug|Any CPU
		{3CD661DA-35D5-4D98-BABB-236C12617B75}.Debug|Any CPU.Build.0 = Debug|Any CPU
		{3CD661DA-35D5-4D98-BABB-236C12617B75}.Release|Any CPU.ActiveCfg = Release|Any CPU
		{3CD661DA-35D5-4D98-BABB-236C12617B75}.Release|Any CPU.Build.0 = Release|Any CPU
		{951664C6-57E2-40D2-8214-DA5922E3FE00}.Debug|Any CPU.ActiveCfg = Debug|Any CPU
		{951664C6-57E2-40D2-8214-DA5922E3FE00}.Debug|Any CPU.Build.0 = Debug|Any CPU
		{951664C6-57E2-40D2-8214-DA5922E3FE00}.Release|Any CPU.ActiveCfg = Release|Any CPU
		{951664C6-57E2-40D2-8214-DA5922E3FE00}.Release|Any CPU.Build.0 = Release|Any CPU
		{074D6DEE-213F-4AC7-B7C4-C0AA9288048D}.Debug|Any CPU.ActiveCfg = Debug|Any CPU
		{074D6DEE-213F-4AC7-B7C4-C0AA9288048D}.Debug|Any CPU.Build.0 = Debug|Any CPU
		{074D6DEE-213F-4AC7-B7C4-C0AA9288048D}.Release|Any CPU.ActiveCfg = Release|Any CPU
		{074D6DEE-213F-4AC7-B7C4-C0AA9288048D}.Release|Any CPU.Build.0 = Release|Any CPU
		{5AF1BF4D-D822-4CF5-84F9-A1F08566A5D8}.Debug|Any CPU.ActiveCfg = Debug|Any CPU
		{5AF1BF4D-D822-4CF5-84F9-A1F08566A5D8}.Debug|Any CPU.Build.0 = Debug|Any CPU
		{5AF1BF4D-D822-4CF5-84F9-A1F08566A5D8}.Release|Any CPU.ActiveCfg = Release|Any CPU
		{5AF1BF4D-D822-4CF5-84F9-A1F08566A5D8}.Release|Any CPU.Build.0 = Release|Any CPU
		{ABCD44CA-F8FC-4E97-B71F-2F0B9E86F96B}.Debug|Any CPU.ActiveCfg = Debug|Any CPU
		{ABCD44CA-F8FC-4E97-B71F-2F0B9E86F96B}.Debug|Any CPU.Build.0 = Debug|Any CPU
		{ABCD44CA-F8FC-4E97-B71F-2F0B9E86F96B}.Release|Any CPU.ActiveCfg = Release|Any CPU
		{ABCD44CA-F8FC-4E97-B71F-2F0B9E86F96B}.Release|Any CPU.Build.0 = Release|Any CPU
	EndGlobalSection
	GlobalSection(SolutionProperties) = preSolution
		HideSolutionNode = FALSE
	EndGlobalSection
	GlobalSection(ExtensibilityGlobals) = postSolution
		SolutionGuid = {DFCA1182-9FC8-4FD1-AF88-E1B3D6724FFD}
	EndGlobalSection
EndGlobal
